// !$*UTF8*$!
{
	archiveVersion = 1;
	classes = {
	};
	objectVersion = 50;
	objects = {

/* Begin PBXBuildFile section */
		888572DD220CEA6F001F2C7F /* Tests.mm in Sources */ = {isa = PBXBuildFile; fileRef = 888572DC220CEA6F001F2C7F /* Tests.mm */; };
		888572E6220CEB68001F2C7F /* PHXRenderer.mm in Sources */ = {isa = PBXBuildFile; fileRef = 888572E5220CEB68001F2C7F /* PHXRenderer.mm */; };
		888572F3220CEF9C001F2C7F /* UITests.mm in Sources */ = {isa = PBXBuildFile; fileRef = 888572F2220CEF9C001F2C7F /* UITests.mm */; };
		888572FB220CF1D2001F2C7F /* MetalKit.framework in Frameworks */ = {isa = PBXBuildFile; fileRef = 888572F9220CF1C1001F2C7F /* MetalKit.framework */; };
		88857302220CF429001F2C7F /* PHXMetal.metal in Sources */ = {isa = PBXBuildFile; fileRef = 88857301220CF429001F2C7F /* PHXMetal.metal */; };
		8885730B220DABBE001F2C7F /* PHXResourceManager.mm in Sources */ = {isa = PBXBuildFile; fileRef = 88857309220DABBE001F2C7F /* PHXResourceManager.mm */; };
		8885730C220DABBE001F2C7F /* PHXResourceManager.hpp in Headers */ = {isa = PBXBuildFile; fileRef = 8885730A220DABBE001F2C7F /* PHXResourceManager.hpp */; };
		8885730F221312A8001F2C7F /* PHXDrawer.mm in Sources */ = {isa = PBXBuildFile; fileRef = 8885730E221312A8001F2C7F /* PHXDrawer.mm */; };
		8885731F2215A910001F2C7F /* AppDelegate.m in Sources */ = {isa = PBXBuildFile; fileRef = 8885731E2215A910001F2C7F /* AppDelegate.m */; };
		888573252215A910001F2C7F /* GameViewController.mm in Sources */ = {isa = PBXBuildFile; fileRef = 888573242215A910001F2C7F /* GameViewController.mm */; };
		8885732A2215A912001F2C7F /* Assets.xcassets in Resources */ = {isa = PBXBuildFile; fileRef = 888573292215A912001F2C7F /* Assets.xcassets */; };
		8885732D2215A912001F2C7F /* Main.storyboard in Resources */ = {isa = PBXBuildFile; fileRef = 8885732B2215A912001F2C7F /* Main.storyboard */; };
		888573302215A912001F2C7F /* main.m in Sources */ = {isa = PBXBuildFile; fileRef = 8885732F2215A912001F2C7F /* main.m */; };
		888573352215A975001F2C7F /* libMetalPhoenixRenderer.a in Frameworks */ = {isa = PBXBuildFile; fileRef = 888572D0220C68BB001F2C7F /* libMetalPhoenixRenderer.a */; };
		888573362215A98E001F2C7F /* libMetalPhoenixRenderer.a in Frameworks */ = {isa = PBXBuildFile; fileRef = 888572D0220C68BB001F2C7F /* libMetalPhoenixRenderer.a */; };
/* End PBXBuildFile section */

/* Begin PBXContainerItemProxy section */
		888572E0220CEA6F001F2C7F /* PBXContainerItemProxy */ = {
			isa = PBXContainerItemProxy;
			containerPortal = 888D362C220C644F00847170 /* Project object */;
			proxyType = 1;
			remoteGlobalIDString = 888572CF220C68BB001F2C7F;
			remoteInfo = Renderer;
		};
		888573112215A5B7001F2C7F /* PBXContainerItemProxy */ = {
			isa = PBXContainerItemProxy;
			containerPortal = 888D362C220C644F00847170 /* Project object */;
			proxyType = 1;
			remoteGlobalIDString = 888572CF220C68BB001F2C7F;
			remoteInfo = Renderer;
		};
		888573152215A5C7001F2C7F /* PBXContainerItemProxy */ = {
			isa = PBXContainerItemProxy;
			containerPortal = 888D362C220C644F00847170 /* Project object */;
			proxyType = 1;
			remoteGlobalIDString = 888572FE220CF429001F2C7F;
			remoteInfo = PHXMetal;
		};
		888573372215A9A7001F2C7F /* PBXContainerItemProxy */ = {
			isa = PBXContainerItemProxy;
			containerPortal = 888D362C220C644F00847170 /* Project object */;
			proxyType = 1;
			remoteGlobalIDString = 8885731A2215A910001F2C7F;
			remoteInfo = PhoenixTestingApp;
		};
		888573392215AA38001F2C7F /* PBXContainerItemProxy */ = {
			isa = PBXContainerItemProxy;
			containerPortal = 888D362C220C644F00847170 /* Project object */;
			proxyType = 1;
			remoteGlobalIDString = 888572CF220C68BB001F2C7F;
			remoteInfo = Renderer;
		};
/* End PBXContainerItemProxy section */

/* Begin PBXFileReference section */
		8830581722185B93006B7E3C /* Renderer.hpp */ = {isa = PBXFileReference; lastKnownFileType = sourcecode.cpp.h; path = Renderer.hpp; sourceTree = "<group>"; };
		883058192218670C006B7E3C /* Renderer_impl.hxx */ = {isa = PBXFileReference; lastKnownFileType = sourcecode.cpp.h; path = Renderer_impl.hxx; sourceTree = "<group>"; };
		888572D0220C68BB001F2C7F /* libMetalPhoenixRenderer.a */ = {isa = PBXFileReference; explicitFileType = archive.ar; includeInIndex = 0; path = libMetalPhoenixRenderer.a; sourceTree = BUILT_PRODUCTS_DIR; };
		888572DA220CEA6F001F2C7F /* Tests.xctest */ = {isa = PBXFileReference; explicitFileType = wrapper.cfbundle; includeInIndex = 0; path = Tests.xctest; sourceTree = BUILT_PRODUCTS_DIR; };
		888572DC220CEA6F001F2C7F /* Tests.mm */ = {isa = PBXFileReference; lastKnownFileType = sourcecode.cpp.objcpp; path = Tests.mm; sourceTree = "<group>"; };
		888572DE220CEA6F001F2C7F /* Info.plist */ = {isa = PBXFileReference; lastKnownFileType = text.plist.xml; path = Info.plist; sourceTree = "<group>"; };
		888572E5220CEB68001F2C7F /* PHXRenderer.mm */ = {isa = PBXFileReference; lastKnownFileType = sourcecode.cpp.objcpp; path = PHXRenderer.mm; sourceTree = "<group>"; };
		888572E7220CEB8E001F2C7F /* PHXRenderer.hpp */ = {isa = PBXFileReference; explicitFileType = sourcecode.cpp.h; path = PHXRenderer.hpp; sourceTree = "<group>"; };
		888572F0220CEF9B001F2C7F /* UITests.xctest */ = {isa = PBXFileReference; explicitFileType = wrapper.cfbundle; includeInIndex = 0; path = UITests.xctest; sourceTree = BUILT_PRODUCTS_DIR; };
		888572F2220CEF9C001F2C7F /* UITests.mm */ = {isa = PBXFileReference; lastKnownFileType = sourcecode.cpp.objcpp; path = UITests.mm; sourceTree = "<group>"; };
		888572F4220CEF9C001F2C7F /* Info.plist */ = {isa = PBXFileReference; lastKnownFileType = text.plist.xml; path = Info.plist; sourceTree = "<group>"; };
		888572F9220CF1C1001F2C7F /* MetalKit.framework */ = {isa = PBXFileReference; lastKnownFileType = wrapper.framework; name = MetalKit.framework; path = System/Library/Frameworks/MetalKit.framework; sourceTree = SDKROOT; };
		888572FF220CF429001F2C7F /* MetalPhoenix.metallib */ = {isa = PBXFileReference; explicitFileType = "archive.metal-library"; includeInIndex = 0; path = MetalPhoenix.metallib; sourceTree = BUILT_PRODUCTS_DIR; };
		88857301220CF429001F2C7F /* PHXMetal.metal */ = {isa = PBXFileReference; lastKnownFileType = sourcecode.metal; path = PHXMetal.metal; sourceTree = "<group>"; };
		88857306220CF479001F2C7F /* PHXShaders.h */ = {isa = PBXFileReference; lastKnownFileType = sourcecode.c.h; path = PHXShaders.h; sourceTree = "<group>"; };
		88857309220DABBE001F2C7F /* PHXResourceManager.mm */ = {isa = PBXFileReference; lastKnownFileType = sourcecode.cpp.objcpp; path = PHXResourceManager.mm; sourceTree = "<group>"; };
		8885730A220DABBE001F2C7F /* PHXResourceManager.hpp */ = {isa = PBXFileReference; lastKnownFileType = sourcecode.cpp.h; path = PHXResourceManager.hpp; sourceTree = "<group>"; };
		8885730E221312A8001F2C7F /* PHXDrawer.mm */ = {isa = PBXFileReference; lastKnownFileType = sourcecode.cpp.objcpp; path = PHXDrawer.mm; sourceTree = "<group>"; };
		88857310221315F1001F2C7F /* PHXDrawer.hpp */ = {isa = PBXFileReference; lastKnownFileType = sourcecode.cpp.h; path = PHXDrawer.hpp; sourceTree = "<group>"; };
		8885731B2215A910001F2C7F /* MetalPhoenixTestingApp.app */ = {isa = PBXFileReference; explicitFileType = wrapper.application; includeInIndex = 0; path = MetalPhoenixTestingApp.app; sourceTree = BUILT_PRODUCTS_DIR; };
		8885731D2215A910001F2C7F /* AppDelegate.h */ = {isa = PBXFileReference; lastKnownFileType = sourcecode.c.h; path = AppDelegate.h; sourceTree = "<group>"; };
		8885731E2215A910001F2C7F /* AppDelegate.m */ = {isa = PBXFileReference; lastKnownFileType = sourcecode.c.objc; path = AppDelegate.m; sourceTree = "<group>"; };
		888573232215A910001F2C7F /* GameViewController.h */ = {isa = PBXFileReference; lastKnownFileType = sourcecode.c.h; path = GameViewController.h; sourceTree = "<group>"; };
		888573242215A910001F2C7F /* GameViewController.mm */ = {isa = PBXFileReference; lastKnownFileType = sourcecode.cpp.objcpp; path = GameViewController.mm; sourceTree = "<group>"; };
		888573292215A912001F2C7F /* Assets.xcassets */ = {isa = PBXFileReference; lastKnownFileType = folder.assetcatalog; path = Assets.xcassets; sourceTree = "<group>"; };
		8885732C2215A912001F2C7F /* Base */ = {isa = PBXFileReference; lastKnownFileType = file.storyboard; name = Base; path = Base.lproj/Main.storyboard; sourceTree = "<group>"; };
		8885732E2215A912001F2C7F /* Info.plist */ = {isa = PBXFileReference; lastKnownFileType = text.plist.xml; path = Info.plist; sourceTree = "<group>"; };
		8885732F2215A912001F2C7F /* main.m */ = {isa = PBXFileReference; lastKnownFileType = sourcecode.c.objc; path = main.m; sourceTree = "<group>"; };
		888573312215A912001F2C7F /* PhoenixTestingApp.entitlements */ = {isa = PBXFileReference; lastKnownFileType = text.plist.entitlements; path = PhoenixTestingApp.entitlements; sourceTree = "<group>"; };
		8885733B2215AC34001F2C7F /* libc++.tbd */ = {isa = PBXFileReference; lastKnownFileType = "sourcecode.text-based-dylib-definition"; name = "libc++.tbd"; path = "usr/lib/libc++.tbd"; sourceTree = SDKROOT; };
		8885733D2215AD26001F2C7F /* libc++.1.tbd */ = {isa = PBXFileReference; lastKnownFileType = "sourcecode.text-based-dylib-definition"; name = "libc++.1.tbd"; path = "usr/lib/libc++.1.tbd"; sourceTree = SDKROOT; };
		888573402215AD39001F2C7F /* libc++abi.tbd */ = {isa = PBXFileReference; lastKnownFileType = "sourcecode.text-based-dylib-definition"; name = "libc++abi.tbd"; path = "usr/lib/libc++abi.tbd"; sourceTree = SDKROOT; };
		888D3632220C646400847170 /* README.md */ = {isa = PBXFileReference; lastKnownFileType = net.daringfireball.markdown; path = README.md; sourceTree = "<group>"; };
/* End PBXFileReference section */

/* Begin PBXFrameworksBuildPhase section */
		888572CE220C68BB001F2C7F /* Frameworks */ = {
			isa = PBXFrameworksBuildPhase;
			buildActionMask = 2147483647;
			files = (
				888572FB220CF1D2001F2C7F /* MetalKit.framework in Frameworks */,
			);
			runOnlyForDeploymentPostprocessing = 0;
		};
		888572D7220CEA6F001F2C7F /* Frameworks */ = {
			isa = PBXFrameworksBuildPhase;
			buildActionMask = 2147483647;
			files = (
				888573362215A98E001F2C7F /* libMetalPhoenixRenderer.a in Frameworks */,
			);
			runOnlyForDeploymentPostprocessing = 0;
		};
		888572ED220CEF9B001F2C7F /* Frameworks */ = {
			isa = PBXFrameworksBuildPhase;
			buildActionMask = 2147483647;
			files = (
			);
			runOnlyForDeploymentPostprocessing = 0;
		};
		888573182215A910001F2C7F /* Frameworks */ = {
			isa = PBXFrameworksBuildPhase;
			buildActionMask = 2147483647;
			files = (
				888573352215A975001F2C7F /* libMetalPhoenixRenderer.a in Frameworks */,
			);
			runOnlyForDeploymentPostprocessing = 0;
		};
/* End PBXFrameworksBuildPhase section */

/* Begin PBXGroup section */
		8830581422185B45006B7E3C /* include */ = {
			isa = PBXGroup;
			children = (
				8830581722185B93006B7E3C /* Renderer.hpp */,
				883058192218670C006B7E3C /* Renderer_impl.hxx */,
			);
			path = include;
			sourceTree = "<group>";
		};
		888572D1220C68BB001F2C7F /* Products */ = {
			isa = PBXGroup;
			children = (
				888572D0220C68BB001F2C7F /* libMetalPhoenixRenderer.a */,
				888572DA220CEA6F001F2C7F /* Tests.xctest */,
				888572F0220CEF9B001F2C7F /* UITests.xctest */,
				888572FF220CF429001F2C7F /* MetalPhoenix.metallib */,
				8885731B2215A910001F2C7F /* MetalPhoenixTestingApp.app */,
			);
			name = Products;
			sourceTree = "<group>";
		};
		888572D5220CEA43001F2C7F /* src */ = {
			isa = PBXGroup;
			children = (
				888572E8220CEBA0001F2C7F /* PHXRenderer */,
			);
			path = src;
			sourceTree = "<group>";
		};
		888572DB220CEA6F001F2C7F /* Tests */ = {
			isa = PBXGroup;
			children = (
				888572DC220CEA6F001F2C7F /* Tests.mm */,
				888572DE220CEA6F001F2C7F /* Info.plist */,
			);
			path = Tests;
			sourceTree = "<group>";
		};
		888572E8220CEBA0001F2C7F /* PHXRenderer */ = {
			isa = PBXGroup;
			children = (
				888572E7220CEB8E001F2C7F /* PHXRenderer.hpp */,
				888572E5220CEB68001F2C7F /* PHXRenderer.mm */,
				8885730D2213128C001F2C7F /* ResourceManager */,
			);
			path = PHXRenderer;
			sourceTree = "<group>";
		};
		888572F1220CEF9C001F2C7F /* UITests */ = {
			isa = PBXGroup;
			children = (
				888572F2220CEF9C001F2C7F /* UITests.mm */,
				888572F4220CEF9C001F2C7F /* Info.plist */,
			);
			path = UITests;
			sourceTree = "<group>";
		};
		888572F8220CF1C1001F2C7F /* Frameworks */ = {
			isa = PBXGroup;
			children = (
				888573402215AD39001F2C7F /* libc++abi.tbd */,
				8885733D2215AD26001F2C7F /* libc++.1.tbd */,
				8885733B2215AC34001F2C7F /* libc++.tbd */,
				888572F9220CF1C1001F2C7F /* MetalKit.framework */,
			);
			name = Frameworks;
			sourceTree = "<group>";
		};
		88857300220CF429001F2C7F /* PHXMetal */ = {
			isa = PBXGroup;
			children = (
				88857306220CF479001F2C7F /* PHXShaders.h */,
				88857301220CF429001F2C7F /* PHXMetal.metal */,
			);
			path = PHXMetal;
			sourceTree = "<group>";
		};
		8885730D2213128C001F2C7F /* ResourceManager */ = {
			isa = PBXGroup;
			children = (
				8885730A220DABBE001F2C7F /* PHXResourceManager.hpp */,
				88857309220DABBE001F2C7F /* PHXResourceManager.mm */,
				88857310221315F1001F2C7F /* PHXDrawer.hpp */,
				8885730E221312A8001F2C7F /* PHXDrawer.mm */,
			);
			path = ResourceManager;
			sourceTree = "<group>";
		};
		8885731C2215A910001F2C7F /* PhoenixTestingApp */ = {
			isa = PBXGroup;
			children = (
				8885731D2215A910001F2C7F /* AppDelegate.h */,
				8885731E2215A910001F2C7F /* AppDelegate.m */,
				888573232215A910001F2C7F /* GameViewController.h */,
				888573242215A910001F2C7F /* GameViewController.mm */,
				888573292215A912001F2C7F /* Assets.xcassets */,
				8885732B2215A912001F2C7F /* Main.storyboard */,
				8885732E2215A912001F2C7F /* Info.plist */,
				8885732F2215A912001F2C7F /* main.m */,
				888573312215A912001F2C7F /* PhoenixTestingApp.entitlements */,
			);
			path = PhoenixTestingApp;
			sourceTree = "<group>";
		};
		888D362B220C644F00847170 = {
			isa = PBXGroup;
			children = (
				8830581422185B45006B7E3C /* include */,
				888572D5220CEA43001F2C7F /* src */,
				888D3632220C646400847170 /* README.md */,
				888572DB220CEA6F001F2C7F /* Tests */,
				888572F1220CEF9C001F2C7F /* UITests */,
				88857300220CF429001F2C7F /* PHXMetal */,
				8885731C2215A910001F2C7F /* PhoenixTestingApp */,
				888572D1220C68BB001F2C7F /* Products */,
				888572F8220CF1C1001F2C7F /* Frameworks */,
			);
			sourceTree = "<group>";
		};
/* End PBXGroup section */

/* Begin PBXHeadersBuildPhase section */
		888572CC220C68BB001F2C7F /* Headers */ = {
			isa = PBXHeadersBuildPhase;
			buildActionMask = 2147483647;
			files = (
				8885730C220DABBE001F2C7F /* PHXResourceManager.hpp in Headers */,
			);
			runOnlyForDeploymentPostprocessing = 0;
		};
/* End PBXHeadersBuildPhase section */

/* Begin PBXNativeTarget section */
		888572CF220C68BB001F2C7F /* MetalPhoenixRenderer */ = {
			isa = PBXNativeTarget;
			buildConfigurationList = 888572D4220C68BB001F2C7F /* Build configuration list for PBXNativeTarget "MetalPhoenixRenderer" */;
			buildPhases = (
				888572CC220C68BB001F2C7F /* Headers */,
				888572CD220C68BB001F2C7F /* Sources */,
				888572CE220C68BB001F2C7F /* Frameworks */,
			);
			buildRules = (
			);
			dependencies = (
				888573162215A5C7001F2C7F /* PBXTargetDependency */,
			);
			name = MetalPhoenixRenderer;
			productName = Renderer;
			productReference = 888572D0220C68BB001F2C7F /* libMetalPhoenixRenderer.a */;
			productType = "com.apple.product-type.library.static";
		};
		888572D9220CEA6F001F2C7F /* Tests */ = {
			isa = PBXNativeTarget;
			buildConfigurationList = 888572E2220CEA6F001F2C7F /* Build configuration list for PBXNativeTarget "Tests" */;
			buildPhases = (
				888572D6220CEA6F001F2C7F /* Sources */,
				888572D7220CEA6F001F2C7F /* Frameworks */,
				888572D8220CEA6F001F2C7F /* Resources */,
			);
			buildRules = (
			);
			dependencies = (
				888572E1220CEA6F001F2C7F /* PBXTargetDependency */,
			);
			name = Tests;
			productName = Tests;
			productReference = 888572DA220CEA6F001F2C7F /* Tests.xctest */;
			productType = "com.apple.product-type.bundle.unit-test";
		};
		888572EF220CEF9B001F2C7F /* UITests */ = {
			isa = PBXNativeTarget;
			buildConfigurationList = 888572F5220CEF9C001F2C7F /* Build configuration list for PBXNativeTarget "UITests" */;
			buildPhases = (
				888572EC220CEF9B001F2C7F /* Sources */,
				888572ED220CEF9B001F2C7F /* Frameworks */,
				888572EE220CEF9B001F2C7F /* Resources */,
			);
			buildRules = (
			);
			dependencies = (
				888573122215A5B7001F2C7F /* PBXTargetDependency */,
				888573382215A9A7001F2C7F /* PBXTargetDependency */,
			);
			name = UITests;
			productName = UITests;
			productReference = 888572F0220CEF9B001F2C7F /* UITests.xctest */;
			productType = "com.apple.product-type.bundle.ui-testing";
		};
		888572FE220CF429001F2C7F /* MetalPhoenix */ = {
			isa = PBXNativeTarget;
			buildConfigurationList = 88857303220CF429001F2C7F /* Build configuration list for PBXNativeTarget "MetalPhoenix" */;
			buildPhases = (
				888572FD220CF429001F2C7F /* Sources */,
			);
			buildRules = (
			);
			dependencies = (
			);
			name = MetalPhoenix;
			productName = PHXMetal;
			productReference = 888572FF220CF429001F2C7F /* MetalPhoenix.metallib */;
			productType = "com.apple.product-type.metal-library";
		};
		8885731A2215A910001F2C7F /* MetalPhoenixTestingApp */ = {
			isa = PBXNativeTarget;
			buildConfigurationList = 888573322215A912001F2C7F /* Build configuration list for PBXNativeTarget "MetalPhoenixTestingApp" */;
			buildPhases = (
				888573172215A910001F2C7F /* Sources */,
				888573182215A910001F2C7F /* Frameworks */,
				888573192215A910001F2C7F /* Resources */,
			);
			buildRules = (
			);
			dependencies = (
				8885733A2215AA38001F2C7F /* PBXTargetDependency */,
			);
			name = MetalPhoenixTestingApp;
			productName = PhoenixTestingApp;
			productReference = 8885731B2215A910001F2C7F /* MetalPhoenixTestingApp.app */;
			productType = "com.apple.product-type.application";
		};
/* End PBXNativeTarget section */

/* Begin PBXProject section */
		888D362C220C644F00847170 /* Project object */ = {
			isa = PBXProject;
			attributes = {
				LastUpgradeCheck = 1010;
				TargetAttributes = {
					888572CF220C68BB001F2C7F = {
						CreatedOnToolsVersion = 10.1;
					};
					888572D9220CEA6F001F2C7F = {
						CreatedOnToolsVersion = 10.1;
					};
					888572EF220CEF9B001F2C7F = {
						CreatedOnToolsVersion = 10.1;
						TestTargetID = 8885731A2215A910001F2C7F;
					};
					888572FE220CF429001F2C7F = {
						CreatedOnToolsVersion = 10.1;
					};
					8885731A2215A910001F2C7F = {
						CreatedOnToolsVersion = 10.1;
					};
				};
			};
			buildConfigurationList = 888D362F220C644F00847170 /* Build configuration list for PBXProject "phoenix-apple-components" */;
			compatibilityVersion = "Xcode 9.3";
			developmentRegion = en;
			hasScannedForEncodings = 0;
			knownRegions = (
				en,
				Base,
			);
			mainGroup = 888D362B220C644F00847170;
			productRefGroup = 888572D1220C68BB001F2C7F /* Products */;
			projectDirPath = "";
			projectRoot = "";
			targets = (
				888572FE220CF429001F2C7F /* MetalPhoenix */,
				888572CF220C68BB001F2C7F /* MetalPhoenixRenderer */,
				8885731A2215A910001F2C7F /* MetalPhoenixTestingApp */,
				888572D9220CEA6F001F2C7F /* Tests */,
				888572EF220CEF9B001F2C7F /* UITests */,
			);
		};
/* End PBXProject section */

/* Begin PBXResourcesBuildPhase section */
		888572D8220CEA6F001F2C7F /* Resources */ = {
			isa = PBXResourcesBuildPhase;
			buildActionMask = 2147483647;
			files = (
			);
			runOnlyForDeploymentPostprocessing = 0;
		};
		888572EE220CEF9B001F2C7F /* Resources */ = {
			isa = PBXResourcesBuildPhase;
			buildActionMask = 2147483647;
			files = (
			);
			runOnlyForDeploymentPostprocessing = 0;
		};
		888573192215A910001F2C7F /* Resources */ = {
			isa = PBXResourcesBuildPhase;
			buildActionMask = 2147483647;
			files = (
				8885732A2215A912001F2C7F /* Assets.xcassets in Resources */,
				8885732D2215A912001F2C7F /* Main.storyboard in Resources */,
			);
			runOnlyForDeploymentPostprocessing = 0;
		};
/* End PBXResourcesBuildPhase section */

/* Begin PBXSourcesBuildPhase section */
		888572CD220C68BB001F2C7F /* Sources */ = {
			isa = PBXSourcesBuildPhase;
			buildActionMask = 2147483647;
			files = (
				888572E6220CEB68001F2C7F /* PHXRenderer.mm in Sources */,
				8885730F221312A8001F2C7F /* PHXDrawer.mm in Sources */,
				8885730B220DABBE001F2C7F /* PHXResourceManager.mm in Sources */,
			);
			runOnlyForDeploymentPostprocessing = 0;
		};
		888572D6220CEA6F001F2C7F /* Sources */ = {
			isa = PBXSourcesBuildPhase;
			buildActionMask = 2147483647;
			files = (
				888572DD220CEA6F001F2C7F /* Tests.mm in Sources */,
			);
			runOnlyForDeploymentPostprocessing = 0;
		};
		888572EC220CEF9B001F2C7F /* Sources */ = {
			isa = PBXSourcesBuildPhase;
			buildActionMask = 2147483647;
			files = (
				888572F3220CEF9C001F2C7F /* UITests.mm in Sources */,
			);
			runOnlyForDeploymentPostprocessing = 0;
		};
		888572FD220CF429001F2C7F /* Sources */ = {
			isa = PBXSourcesBuildPhase;
			buildActionMask = 2147483647;
			files = (
				88857302220CF429001F2C7F /* PHXMetal.metal in Sources */,
			);
			runOnlyForDeploymentPostprocessing = 0;
		};
		888573172215A910001F2C7F /* Sources */ = {
			isa = PBXSourcesBuildPhase;
			buildActionMask = 2147483647;
			files = (
				888573302215A912001F2C7F /* main.m in Sources */,
				888573252215A910001F2C7F /* GameViewController.mm in Sources */,
				8885731F2215A910001F2C7F /* AppDelegate.m in Sources */,
			);
			runOnlyForDeploymentPostprocessing = 0;
		};
/* End PBXSourcesBuildPhase section */

/* Begin PBXTargetDependency section */
		888572E1220CEA6F001F2C7F /* PBXTargetDependency */ = {
			isa = PBXTargetDependency;
			target = 888572CF220C68BB001F2C7F /* MetalPhoenixRenderer */;
			targetProxy = 888572E0220CEA6F001F2C7F /* PBXContainerItemProxy */;
		};
		888573122215A5B7001F2C7F /* PBXTargetDependency */ = {
			isa = PBXTargetDependency;
			target = 888572CF220C68BB001F2C7F /* MetalPhoenixRenderer */;
			targetProxy = 888573112215A5B7001F2C7F /* PBXContainerItemProxy */;
		};
		888573162215A5C7001F2C7F /* PBXTargetDependency */ = {
			isa = PBXTargetDependency;
			target = 888572FE220CF429001F2C7F /* MetalPhoenix */;
			targetProxy = 888573152215A5C7001F2C7F /* PBXContainerItemProxy */;
		};
		888573382215A9A7001F2C7F /* PBXTargetDependency */ = {
			isa = PBXTargetDependency;
			target = 8885731A2215A910001F2C7F /* MetalPhoenixTestingApp */;
			targetProxy = 888573372215A9A7001F2C7F /* PBXContainerItemProxy */;
		};
		8885733A2215AA38001F2C7F /* PBXTargetDependency */ = {
			isa = PBXTargetDependency;
			target = 888572CF220C68BB001F2C7F /* MetalPhoenixRenderer */;
			targetProxy = 888573392215AA38001F2C7F /* PBXContainerItemProxy */;
		};
/* End PBXTargetDependency section */

/* Begin PBXVariantGroup section */
		8885732B2215A912001F2C7F /* Main.storyboard */ = {
			isa = PBXVariantGroup;
			children = (
				8885732C2215A912001F2C7F /* Base */,
			);
			name = Main.storyboard;
			sourceTree = "<group>";
		};
/* End PBXVariantGroup section */

/* Begin XCBuildConfiguration section */
		888572D2220C68BB001F2C7F /* Debug */ = {
			isa = XCBuildConfiguration;
			buildSettings = {
				ALWAYS_SEARCH_USER_PATHS = NO;
				CLANG_ANALYZER_NONNULL = YES;
				CLANG_ANALYZER_NUMBER_OBJECT_CONVERSION = YES_AGGRESSIVE;
				CLANG_CXX_LANGUAGE_STANDARD = "gnu++14";
				CLANG_CXX_LIBRARY = "libc++";
				CLANG_ENABLE_MODULES = YES;
				CLANG_ENABLE_OBJC_ARC = YES;
				CLANG_ENABLE_OBJC_WEAK = YES;
				CLANG_WARN_BLOCK_CAPTURE_AUTORELEASING = YES;
				CLANG_WARN_BOOL_CONVERSION = YES;
				CLANG_WARN_COMMA = YES;
				CLANG_WARN_CONSTANT_CONVERSION = YES;
				CLANG_WARN_DEPRECATED_OBJC_IMPLEMENTATIONS = YES;
				CLANG_WARN_DIRECT_OBJC_ISA_USAGE = YES_ERROR;
				CLANG_WARN_DOCUMENTATION_COMMENTS = YES;
				CLANG_WARN_EMPTY_BODY = YES;
				CLANG_WARN_ENUM_CONVERSION = YES;
				CLANG_WARN_INFINITE_RECURSION = YES;
				CLANG_WARN_INT_CONVERSION = YES;
				CLANG_WARN_NON_LITERAL_NULL_CONVERSION = YES;
				CLANG_WARN_OBJC_IMPLICIT_RETAIN_SELF = YES;
				CLANG_WARN_OBJC_LITERAL_CONVERSION = YES;
				CLANG_WARN_OBJC_ROOT_CLASS = YES_ERROR;
				CLANG_WARN_RANGE_LOOP_ANALYSIS = YES;
				CLANG_WARN_STRICT_PROTOTYPES = YES;
				CLANG_WARN_SUSPICIOUS_MOVE = YES;
				CLANG_WARN_UNGUARDED_AVAILABILITY = YES_AGGRESSIVE;
				CLANG_WARN_UNREACHABLE_CODE = YES;
				CLANG_WARN__DUPLICATE_METHOD_MATCH = YES;
				CODE_SIGN_IDENTITY = "Mac Developer";
				CODE_SIGN_STYLE = Automatic;
				COPY_PHASE_STRIP = NO;
				DEBUG_INFORMATION_FORMAT = dwarf;
				DEVELOPMENT_TEAM = BQ7Q4Z7U34;
				ENABLE_STRICT_OBJC_MSGSEND = YES;
				ENABLE_TESTABILITY = YES;
				EXECUTABLE_PREFIX = lib;
				GCC_C_LANGUAGE_STANDARD = gnu11;
				GCC_DYNAMIC_NO_PIC = NO;
				GCC_INPUT_FILETYPE = automatic;
				GCC_NO_COMMON_BLOCKS = YES;
				GCC_OPTIMIZATION_LEVEL = 0;
				GCC_PREPROCESSOR_DEFINITIONS = (
					"DEBUG=1",
					"$(inherited)",
				);
				GCC_WARN_64_TO_32_BIT_CONVERSION = YES;
				GCC_WARN_ABOUT_RETURN_TYPE = YES_ERROR;
				GCC_WARN_UNDECLARED_SELECTOR = YES;
				GCC_WARN_UNINITIALIZED_AUTOS = YES_AGGRESSIVE;
				GCC_WARN_UNUSED_FUNCTION = YES;
				GCC_WARN_UNUSED_VARIABLE = YES;
				INSTALL_PATH = "$(SRCROOT)/lib";
				MACOSX_DEPLOYMENT_TARGET = 10.14;
				MTL_ENABLE_DEBUG_INFO = INCLUDE_SOURCE;
				MTL_FAST_MATH = YES;
				ONLY_ACTIVE_ARCH = YES;
				OTHER_CPLUSPLUSFLAGS = (
					"$(OTHER_CFLAGS)",
					"-fmodules",
					"-fcxx-modules",
				);
				OTHER_LDFLAGS = "";
				PRODUCT_NAME = "$(TARGET_NAME)";
				SDKROOT = macosx;
				SKIP_INSTALL = YES;
			};
			name = Debug;
		};
		888572D3220C68BB001F2C7F /* Release */ = {
			isa = XCBuildConfiguration;
			buildSettings = {
				ALWAYS_SEARCH_USER_PATHS = NO;
				CLANG_ANALYZER_NONNULL = YES;
				CLANG_ANALYZER_NUMBER_OBJECT_CONVERSION = YES_AGGRESSIVE;
				CLANG_CXX_LANGUAGE_STANDARD = "gnu++14";
				CLANG_CXX_LIBRARY = "libc++";
				CLANG_ENABLE_MODULES = YES;
				CLANG_ENABLE_OBJC_ARC = YES;
				CLANG_ENABLE_OBJC_WEAK = YES;
				CLANG_WARN_BLOCK_CAPTURE_AUTORELEASING = YES;
				CLANG_WARN_BOOL_CONVERSION = YES;
				CLANG_WARN_COMMA = YES;
				CLANG_WARN_CONSTANT_CONVERSION = YES;
				CLANG_WARN_DEPRECATED_OBJC_IMPLEMENTATIONS = YES;
				CLANG_WARN_DIRECT_OBJC_ISA_USAGE = YES_ERROR;
				CLANG_WARN_DOCUMENTATION_COMMENTS = YES;
				CLANG_WARN_EMPTY_BODY = YES;
				CLANG_WARN_ENUM_CONVERSION = YES;
				CLANG_WARN_INFINITE_RECURSION = YES;
				CLANG_WARN_INT_CONVERSION = YES;
				CLANG_WARN_NON_LITERAL_NULL_CONVERSION = YES;
				CLANG_WARN_OBJC_IMPLICIT_RETAIN_SELF = YES;
				CLANG_WARN_OBJC_LITERAL_CONVERSION = YES;
				CLANG_WARN_OBJC_ROOT_CLASS = YES_ERROR;
				CLANG_WARN_RANGE_LOOP_ANALYSIS = YES;
				CLANG_WARN_STRICT_PROTOTYPES = YES;
				CLANG_WARN_SUSPICIOUS_MOVE = YES;
				CLANG_WARN_UNGUARDED_AVAILABILITY = YES_AGGRESSIVE;
				CLANG_WARN_UNREACHABLE_CODE = YES;
				CLANG_WARN__DUPLICATE_METHOD_MATCH = YES;
				CODE_SIGN_IDENTITY = "Mac Developer";
				CODE_SIGN_STYLE = Automatic;
				COPY_PHASE_STRIP = NO;
				DEBUG_INFORMATION_FORMAT = "dwarf-with-dsym";
				DEVELOPMENT_TEAM = BQ7Q4Z7U34;
				ENABLE_NS_ASSERTIONS = NO;
				ENABLE_STRICT_OBJC_MSGSEND = YES;
				EXECUTABLE_PREFIX = lib;
				GCC_C_LANGUAGE_STANDARD = gnu11;
				GCC_INPUT_FILETYPE = automatic;
				GCC_NO_COMMON_BLOCKS = YES;
				GCC_WARN_64_TO_32_BIT_CONVERSION = YES;
				GCC_WARN_ABOUT_RETURN_TYPE = YES_ERROR;
				GCC_WARN_UNDECLARED_SELECTOR = YES;
				GCC_WARN_UNINITIALIZED_AUTOS = YES_AGGRESSIVE;
				GCC_WARN_UNUSED_FUNCTION = YES;
				GCC_WARN_UNUSED_VARIABLE = YES;
				INSTALL_PATH = "$(SRCROOT)/lib";
				MACOSX_DEPLOYMENT_TARGET = 10.14;
				MTL_ENABLE_DEBUG_INFO = NO;
				MTL_FAST_MATH = YES;
				OTHER_CPLUSPLUSFLAGS = (
					"$(OTHER_CFLAGS)",
					"-fmodules",
					"-fcxx-modules",
				);
				OTHER_LDFLAGS = "";
				PRODUCT_NAME = "$(TARGET_NAME)";
				SDKROOT = macosx;
				SKIP_INSTALL = YES;
			};
			name = Release;
		};
		888572E3220CEA6F001F2C7F /* Debug */ = {
			isa = XCBuildConfiguration;
			buildSettings = {
				ALWAYS_SEARCH_USER_PATHS = NO;
				CLANG_ANALYZER_NONNULL = YES;
				CLANG_ANALYZER_NUMBER_OBJECT_CONVERSION = YES_AGGRESSIVE;
				CLANG_CXX_LANGUAGE_STANDARD = "gnu++14";
				CLANG_CXX_LIBRARY = "libc++";
				CLANG_ENABLE_MODULES = YES;
				CLANG_ENABLE_OBJC_ARC = YES;
				CLANG_ENABLE_OBJC_WEAK = YES;
				CLANG_WARN_BLOCK_CAPTURE_AUTORELEASING = YES;
				CLANG_WARN_BOOL_CONVERSION = YES;
				CLANG_WARN_COMMA = YES;
				CLANG_WARN_CONSTANT_CONVERSION = YES;
				CLANG_WARN_DEPRECATED_OBJC_IMPLEMENTATIONS = YES;
				CLANG_WARN_DIRECT_OBJC_ISA_USAGE = YES_ERROR;
				CLANG_WARN_DOCUMENTATION_COMMENTS = YES;
				CLANG_WARN_EMPTY_BODY = YES;
				CLANG_WARN_ENUM_CONVERSION = YES;
				CLANG_WARN_INFINITE_RECURSION = YES;
				CLANG_WARN_INT_CONVERSION = YES;
				CLANG_WARN_NON_LITERAL_NULL_CONVERSION = YES;
				CLANG_WARN_OBJC_IMPLICIT_RETAIN_SELF = YES;
				CLANG_WARN_OBJC_LITERAL_CONVERSION = YES;
				CLANG_WARN_OBJC_ROOT_CLASS = YES_ERROR;
				CLANG_WARN_RANGE_LOOP_ANALYSIS = YES;
				CLANG_WARN_STRICT_PROTOTYPES = YES;
				CLANG_WARN_SUSPICIOUS_MOVE = YES;
				CLANG_WARN_UNGUARDED_AVAILABILITY = YES_AGGRESSIVE;
				CLANG_WARN_UNREACHABLE_CODE = YES;
				CLANG_WARN__DUPLICATE_METHOD_MATCH = YES;
				CODE_SIGN_IDENTITY = "Mac Developer";
				CODE_SIGN_STYLE = Automatic;
				COMBINE_HIDPI_IMAGES = YES;
				COPY_PHASE_STRIP = NO;
				DEBUG_INFORMATION_FORMAT = dwarf;
				DEVELOPMENT_TEAM = BQ7Q4Z7U34;
				ENABLE_STRICT_OBJC_MSGSEND = YES;
				ENABLE_TESTABILITY = YES;
				GCC_C_LANGUAGE_STANDARD = gnu11;
				GCC_DYNAMIC_NO_PIC = NO;
				GCC_NO_COMMON_BLOCKS = YES;
				GCC_OPTIMIZATION_LEVEL = 0;
				GCC_PREPROCESSOR_DEFINITIONS = (
					"DEBUG=1",
					"$(inherited)",
				);
				GCC_WARN_64_TO_32_BIT_CONVERSION = YES;
				GCC_WARN_ABOUT_RETURN_TYPE = YES_ERROR;
				GCC_WARN_UNDECLARED_SELECTOR = YES;
				GCC_WARN_UNINITIALIZED_AUTOS = YES_AGGRESSIVE;
				GCC_WARN_UNUSED_FUNCTION = YES;
				GCC_WARN_UNUSED_VARIABLE = YES;
				INFOPLIST_FILE = Tests/Info.plist;
				LD_RUNPATH_SEARCH_PATHS = (
					"$(inherited)",
					"@executable_path/../Frameworks",
					"@loader_path/../Frameworks",
				);
				MACOSX_DEPLOYMENT_TARGET = 10.14;
				MTL_ENABLE_DEBUG_INFO = INCLUDE_SOURCE;
				MTL_FAST_MATH = YES;
				ONLY_ACTIVE_ARCH = YES;
				OTHER_CFLAGS = "";
				OTHER_CPLUSPLUSFLAGS = (
					"$(OTHER_CFLAGS)",
					"-fmodules",
					"-fcxx-modules",
				);
				PRODUCT_BUNDLE_IDENTIFIER = PHX.Tests;
				PRODUCT_NAME = "$(TARGET_NAME)";
				SDKROOT = macosx;
			};
			name = Debug;
		};
		888572E4220CEA6F001F2C7F /* Release */ = {
			isa = XCBuildConfiguration;
			buildSettings = {
				ALWAYS_SEARCH_USER_PATHS = NO;
				CLANG_ANALYZER_NONNULL = YES;
				CLANG_ANALYZER_NUMBER_OBJECT_CONVERSION = YES_AGGRESSIVE;
				CLANG_CXX_LANGUAGE_STANDARD = "gnu++14";
				CLANG_CXX_LIBRARY = "libc++";
				CLANG_ENABLE_MODULES = YES;
				CLANG_ENABLE_OBJC_ARC = YES;
				CLANG_ENABLE_OBJC_WEAK = YES;
				CLANG_WARN_BLOCK_CAPTURE_AUTORELEASING = YES;
				CLANG_WARN_BOOL_CONVERSION = YES;
				CLANG_WARN_COMMA = YES;
				CLANG_WARN_CONSTANT_CONVERSION = YES;
				CLANG_WARN_DEPRECATED_OBJC_IMPLEMENTATIONS = YES;
				CLANG_WARN_DIRECT_OBJC_ISA_USAGE = YES_ERROR;
				CLANG_WARN_DOCUMENTATION_COMMENTS = YES;
				CLANG_WARN_EMPTY_BODY = YES;
				CLANG_WARN_ENUM_CONVERSION = YES;
				CLANG_WARN_INFINITE_RECURSION = YES;
				CLANG_WARN_INT_CONVERSION = YES;
				CLANG_WARN_NON_LITERAL_NULL_CONVERSION = YES;
				CLANG_WARN_OBJC_IMPLICIT_RETAIN_SELF = YES;
				CLANG_WARN_OBJC_LITERAL_CONVERSION = YES;
				CLANG_WARN_OBJC_ROOT_CLASS = YES_ERROR;
				CLANG_WARN_RANGE_LOOP_ANALYSIS = YES;
				CLANG_WARN_STRICT_PROTOTYPES = YES;
				CLANG_WARN_SUSPICIOUS_MOVE = YES;
				CLANG_WARN_UNGUARDED_AVAILABILITY = YES_AGGRESSIVE;
				CLANG_WARN_UNREACHABLE_CODE = YES;
				CLANG_WARN__DUPLICATE_METHOD_MATCH = YES;
				CODE_SIGN_IDENTITY = "Mac Developer";
				CODE_SIGN_STYLE = Automatic;
				COMBINE_HIDPI_IMAGES = YES;
				COPY_PHASE_STRIP = NO;
				DEBUG_INFORMATION_FORMAT = "dwarf-with-dsym";
				DEVELOPMENT_TEAM = BQ7Q4Z7U34;
				ENABLE_NS_ASSERTIONS = NO;
				ENABLE_STRICT_OBJC_MSGSEND = YES;
				GCC_C_LANGUAGE_STANDARD = gnu11;
				GCC_NO_COMMON_BLOCKS = YES;
				GCC_WARN_64_TO_32_BIT_CONVERSION = YES;
				GCC_WARN_ABOUT_RETURN_TYPE = YES_ERROR;
				GCC_WARN_UNDECLARED_SELECTOR = YES;
				GCC_WARN_UNINITIALIZED_AUTOS = YES_AGGRESSIVE;
				GCC_WARN_UNUSED_FUNCTION = YES;
				GCC_WARN_UNUSED_VARIABLE = YES;
				INFOPLIST_FILE = Tests/Info.plist;
				LD_RUNPATH_SEARCH_PATHS = (
					"$(inherited)",
					"@executable_path/../Frameworks",
					"@loader_path/../Frameworks",
				);
				MACOSX_DEPLOYMENT_TARGET = 10.14;
				MTL_ENABLE_DEBUG_INFO = NO;
				MTL_FAST_MATH = YES;
				OTHER_CFLAGS = "";
				OTHER_CPLUSPLUSFLAGS = (
					"$(OTHER_CFLAGS)",
					"-fmodules",
					"-fcxx-modules",
				);
				PRODUCT_BUNDLE_IDENTIFIER = PHX.Tests;
				PRODUCT_NAME = "$(TARGET_NAME)";
				SDKROOT = macosx;
			};
			name = Release;
		};
		888572F6220CEF9C001F2C7F /* Debug */ = {
			isa = XCBuildConfiguration;
			buildSettings = {
				ALWAYS_SEARCH_USER_PATHS = NO;
				CLANG_ANALYZER_NONNULL = YES;
				CLANG_ANALYZER_NUMBER_OBJECT_CONVERSION = YES_AGGRESSIVE;
				CLANG_CXX_LANGUAGE_STANDARD = "gnu++14";
				CLANG_CXX_LIBRARY = "libc++";
				CLANG_ENABLE_MODULES = YES;
				CLANG_ENABLE_OBJC_ARC = YES;
				CLANG_ENABLE_OBJC_WEAK = YES;
				CLANG_WARN_BLOCK_CAPTURE_AUTORELEASING = YES;
				CLANG_WARN_BOOL_CONVERSION = YES;
				CLANG_WARN_COMMA = YES;
				CLANG_WARN_CONSTANT_CONVERSION = YES;
				CLANG_WARN_DEPRECATED_OBJC_IMPLEMENTATIONS = YES;
				CLANG_WARN_DIRECT_OBJC_ISA_USAGE = YES_ERROR;
				CLANG_WARN_DOCUMENTATION_COMMENTS = YES;
				CLANG_WARN_EMPTY_BODY = YES;
				CLANG_WARN_ENUM_CONVERSION = YES;
				CLANG_WARN_INFINITE_RECURSION = YES;
				CLANG_WARN_INT_CONVERSION = YES;
				CLANG_WARN_NON_LITERAL_NULL_CONVERSION = YES;
				CLANG_WARN_OBJC_IMPLICIT_RETAIN_SELF = YES;
				CLANG_WARN_OBJC_LITERAL_CONVERSION = YES;
				CLANG_WARN_OBJC_ROOT_CLASS = YES_ERROR;
				CLANG_WARN_RANGE_LOOP_ANALYSIS = YES;
				CLANG_WARN_STRICT_PROTOTYPES = YES;
				CLANG_WARN_SUSPICIOUS_MOVE = YES;
				CLANG_WARN_UNGUARDED_AVAILABILITY = YES_AGGRESSIVE;
				CLANG_WARN_UNREACHABLE_CODE = YES;
				CLANG_WARN__DUPLICATE_METHOD_MATCH = YES;
				CODE_SIGN_IDENTITY = "Mac Developer";
				CODE_SIGN_STYLE = Automatic;
				COMBINE_HIDPI_IMAGES = YES;
				COPY_PHASE_STRIP = NO;
				DEBUG_INFORMATION_FORMAT = dwarf;
				DEVELOPMENT_TEAM = BQ7Q4Z7U34;
				ENABLE_STRICT_OBJC_MSGSEND = YES;
				ENABLE_TESTABILITY = YES;
				GCC_C_LANGUAGE_STANDARD = gnu11;
				GCC_DYNAMIC_NO_PIC = NO;
				GCC_NO_COMMON_BLOCKS = YES;
				GCC_OPTIMIZATION_LEVEL = 0;
				GCC_PREPROCESSOR_DEFINITIONS = (
					"DEBUG=1",
					"$(inherited)",
				);
				GCC_WARN_64_TO_32_BIT_CONVERSION = YES;
				GCC_WARN_ABOUT_RETURN_TYPE = YES_ERROR;
				GCC_WARN_UNDECLARED_SELECTOR = YES;
				GCC_WARN_UNINITIALIZED_AUTOS = YES_AGGRESSIVE;
				GCC_WARN_UNUSED_FUNCTION = YES;
				GCC_WARN_UNUSED_VARIABLE = YES;
				INFOPLIST_FILE = UITests/Info.plist;
				LD_RUNPATH_SEARCH_PATHS = (
					"$(inherited)",
					"@executable_path/../Frameworks",
					"@loader_path/../Frameworks",
				);
				MACOSX_DEPLOYMENT_TARGET = 10.14;
				MTL_ENABLE_DEBUG_INFO = INCLUDE_SOURCE;
				MTL_FAST_MATH = YES;
				ONLY_ACTIVE_ARCH = YES;
				OTHER_CPLUSPLUSFLAGS = (
					"$(OTHER_CFLAGS)",
					"-fmodules",
					"-fcxx-modules",
				);
				PRODUCT_BUNDLE_IDENTIFIER = PHX.UITests;
				PRODUCT_NAME = "$(TARGET_NAME)";
				PROVISIONING_PROFILE = "";
				SDKROOT = macosx;
				TEST_TARGET_NAME = PhoenixTestingApp;
			};
			name = Debug;
		};
		888572F7220CEF9C001F2C7F /* Release */ = {
			isa = XCBuildConfiguration;
			buildSettings = {
				ALWAYS_SEARCH_USER_PATHS = NO;
				CLANG_ANALYZER_NONNULL = YES;
				CLANG_ANALYZER_NUMBER_OBJECT_CONVERSION = YES_AGGRESSIVE;
				CLANG_CXX_LANGUAGE_STANDARD = "gnu++14";
				CLANG_CXX_LIBRARY = "libc++";
				CLANG_ENABLE_MODULES = YES;
				CLANG_ENABLE_OBJC_ARC = YES;
				CLANG_ENABLE_OBJC_WEAK = YES;
				CLANG_WARN_BLOCK_CAPTURE_AUTORELEASING = YES;
				CLANG_WARN_BOOL_CONVERSION = YES;
				CLANG_WARN_COMMA = YES;
				CLANG_WARN_CONSTANT_CONVERSION = YES;
				CLANG_WARN_DEPRECATED_OBJC_IMPLEMENTATIONS = YES;
				CLANG_WARN_DIRECT_OBJC_ISA_USAGE = YES_ERROR;
				CLANG_WARN_DOCUMENTATION_COMMENTS = YES;
				CLANG_WARN_EMPTY_BODY = YES;
				CLANG_WARN_ENUM_CONVERSION = YES;
				CLANG_WARN_INFINITE_RECURSION = YES;
				CLANG_WARN_INT_CONVERSION = YES;
				CLANG_WARN_NON_LITERAL_NULL_CONVERSION = YES;
				CLANG_WARN_OBJC_IMPLICIT_RETAIN_SELF = YES;
				CLANG_WARN_OBJC_LITERAL_CONVERSION = YES;
				CLANG_WARN_OBJC_ROOT_CLASS = YES_ERROR;
				CLANG_WARN_RANGE_LOOP_ANALYSIS = YES;
				CLANG_WARN_STRICT_PROTOTYPES = YES;
				CLANG_WARN_SUSPICIOUS_MOVE = YES;
				CLANG_WARN_UNGUARDED_AVAILABILITY = YES_AGGRESSIVE;
				CLANG_WARN_UNREACHABLE_CODE = YES;
				CLANG_WARN__DUPLICATE_METHOD_MATCH = YES;
				CODE_SIGN_IDENTITY = "Mac Developer";
				CODE_SIGN_STYLE = Automatic;
				COMBINE_HIDPI_IMAGES = YES;
				COPY_PHASE_STRIP = NO;
				DEBUG_INFORMATION_FORMAT = "dwarf-with-dsym";
				DEVELOPMENT_TEAM = BQ7Q4Z7U34;
				ENABLE_NS_ASSERTIONS = NO;
				ENABLE_STRICT_OBJC_MSGSEND = YES;
				GCC_C_LANGUAGE_STANDARD = gnu11;
				GCC_NO_COMMON_BLOCKS = YES;
				GCC_WARN_64_TO_32_BIT_CONVERSION = YES;
				GCC_WARN_ABOUT_RETURN_TYPE = YES_ERROR;
				GCC_WARN_UNDECLARED_SELECTOR = YES;
				GCC_WARN_UNINITIALIZED_AUTOS = YES_AGGRESSIVE;
				GCC_WARN_UNUSED_FUNCTION = YES;
				GCC_WARN_UNUSED_VARIABLE = YES;
				INFOPLIST_FILE = UITests/Info.plist;
				LD_RUNPATH_SEARCH_PATHS = (
					"$(inherited)",
					"@executable_path/../Frameworks",
					"@loader_path/../Frameworks",
				);
				MACOSX_DEPLOYMENT_TARGET = 10.14;
				MTL_ENABLE_DEBUG_INFO = NO;
				MTL_FAST_MATH = YES;
				OTHER_CPLUSPLUSFLAGS = (
					"$(OTHER_CFLAGS)",
					"-fmodules",
					"-fcxx-modules",
				);
				PRODUCT_BUNDLE_IDENTIFIER = PHX.UITests;
				PRODUCT_NAME = "$(TARGET_NAME)";
				PROVISIONING_PROFILE = "";
				SDKROOT = macosx;
				TEST_TARGET_NAME = PhoenixTestingApp;
			};
			name = Release;
		};
		88857304220CF429001F2C7F /* Debug */ = {
			isa = XCBuildConfiguration;
			buildSettings = {
				ALWAYS_SEARCH_USER_PATHS = NO;
				CODE_SIGN_IDENTITY = "-";
				CODE_SIGN_STYLE = Automatic;
				DEVELOPMENT_TEAM = BQ7Q4Z7U34;
				MACOSX_DEPLOYMENT_TARGET = 10.14;
				MTL_ENABLE_DEBUG_INFO = INCLUDE_SOURCE;
				MTL_FAST_MATH = YES;
				PRODUCT_NAME = "$(TARGET_NAME)";
				SDKROOT = macosx;
			};
			name = Debug;
		};
		88857305220CF429001F2C7F /* Release */ = {
			isa = XCBuildConfiguration;
			buildSettings = {
				ALWAYS_SEARCH_USER_PATHS = NO;
				CODE_SIGN_IDENTITY = "-";
				CODE_SIGN_STYLE = Automatic;
				DEVELOPMENT_TEAM = BQ7Q4Z7U34;
				MACOSX_DEPLOYMENT_TARGET = 10.14;
				MTL_ENABLE_DEBUG_INFO = NO;
				MTL_FAST_MATH = YES;
				PRODUCT_NAME = "$(TARGET_NAME)";
				SDKROOT = macosx;
			};
			name = Release;
		};
		888573332215A912001F2C7F /* Debug */ = {
			isa = XCBuildConfiguration;
			buildSettings = {
				ALWAYS_SEARCH_USER_PATHS = NO;
				ASSETCATALOG_COMPILER_APPICON_NAME = AppIcon;
				CLANG_ANALYZER_NONNULL = YES;
				CLANG_ANALYZER_NUMBER_OBJECT_CONVERSION = YES_AGGRESSIVE;
				CLANG_CXX_LANGUAGE_STANDARD = "gnu++14";
				CLANG_CXX_LIBRARY = "libc++";
				CLANG_ENABLE_MODULES = YES;
				CLANG_ENABLE_OBJC_ARC = YES;
				CLANG_ENABLE_OBJC_WEAK = YES;
				CLANG_WARN_BLOCK_CAPTURE_AUTORELEASING = YES;
				CLANG_WARN_BOOL_CONVERSION = YES;
				CLANG_WARN_COMMA = YES;
				CLANG_WARN_CONSTANT_CONVERSION = YES;
				CLANG_WARN_DEPRECATED_OBJC_IMPLEMENTATIONS = YES;
				CLANG_WARN_DIRECT_OBJC_ISA_USAGE = YES_ERROR;
				CLANG_WARN_DOCUMENTATION_COMMENTS = YES;
				CLANG_WARN_EMPTY_BODY = YES;
				CLANG_WARN_ENUM_CONVERSION = YES;
				CLANG_WARN_INFINITE_RECURSION = YES;
				CLANG_WARN_INT_CONVERSION = YES;
				CLANG_WARN_NON_LITERAL_NULL_CONVERSION = YES;
				CLANG_WARN_OBJC_IMPLICIT_RETAIN_SELF = YES;
				CLANG_WARN_OBJC_LITERAL_CONVERSION = YES;
				CLANG_WARN_OBJC_ROOT_CLASS = YES_ERROR;
				CLANG_WARN_RANGE_LOOP_ANALYSIS = YES;
				CLANG_WARN_STRICT_PROTOTYPES = YES;
				CLANG_WARN_SUSPICIOUS_MOVE = YES;
				CLANG_WARN_UNGUARDED_AVAILABILITY = YES_AGGRESSIVE;
				CLANG_WARN_UNREACHABLE_CODE = YES;
				CLANG_WARN__DUPLICATE_METHOD_MATCH = YES;
				CODE_SIGN_ENTITLEMENTS = PhoenixTestingApp/PhoenixTestingApp.entitlements;
				CODE_SIGN_IDENTITY = "Mac Developer";
				CODE_SIGN_STYLE = Automatic;
				COMBINE_HIDPI_IMAGES = YES;
				COPY_PHASE_STRIP = NO;
				DEBUG_INFORMATION_FORMAT = dwarf;
				DEVELOPMENT_TEAM = BQ7Q4Z7U34;
				ENABLE_STRICT_OBJC_MSGSEND = YES;
				ENABLE_TESTABILITY = YES;
				GCC_C_LANGUAGE_STANDARD = gnu11;
				GCC_DYNAMIC_NO_PIC = NO;
				GCC_NO_COMMON_BLOCKS = YES;
				GCC_OPTIMIZATION_LEVEL = 0;
				GCC_PREPROCESSOR_DEFINITIONS = (
					"DEBUG=1",
					"$(inherited)",
				);
				GCC_WARN_64_TO_32_BIT_CONVERSION = YES;
				GCC_WARN_ABOUT_RETURN_TYPE = YES_ERROR;
				GCC_WARN_UNDECLARED_SELECTOR = YES;
				GCC_WARN_UNINITIALIZED_AUTOS = YES_AGGRESSIVE;
				GCC_WARN_UNUSED_FUNCTION = YES;
				GCC_WARN_UNUSED_VARIABLE = YES;
				INFOPLIST_FILE = PhoenixTestingApp/Info.plist;
				LD_RUNPATH_SEARCH_PATHS = (
					"$(inherited)",
					"@executable_path/../Frameworks",
				);
				MACOSX_DEPLOYMENT_TARGET = 10.14;
				MTL_ENABLE_DEBUG_INFO = INCLUDE_SOURCE;
				MTL_FAST_MATH = YES;
				ONLY_ACTIVE_ARCH = YES;
				OTHER_CPLUSPLUSFLAGS = (
					"$(OTHER_CFLAGS)",
					"-fmodules",
					"-fcxx-modules",
				);
				PRODUCT_BUNDLE_IDENTIFIER = PHX.PhoenixTestingApp;
				PRODUCT_NAME = "$(TARGET_NAME)";
				SDKROOT = macosx;
			};
			name = Debug;
		};
		888573342215A912001F2C7F /* Release */ = {
			isa = XCBuildConfiguration;
			buildSettings = {
				ALWAYS_SEARCH_USER_PATHS = NO;
				ASSETCATALOG_COMPILER_APPICON_NAME = AppIcon;
				CLANG_ANALYZER_NONNULL = YES;
				CLANG_ANALYZER_NUMBER_OBJECT_CONVERSION = YES_AGGRESSIVE;
				CLANG_CXX_LANGUAGE_STANDARD = "gnu++14";
				CLANG_CXX_LIBRARY = "libc++";
				CLANG_ENABLE_MODULES = YES;
				CLANG_ENABLE_OBJC_ARC = YES;
				CLANG_ENABLE_OBJC_WEAK = YES;
				CLANG_WARN_BLOCK_CAPTURE_AUTORELEASING = YES;
				CLANG_WARN_BOOL_CONVERSION = YES;
				CLANG_WARN_COMMA = YES;
				CLANG_WARN_CONSTANT_CONVERSION = YES;
				CLANG_WARN_DEPRECATED_OBJC_IMPLEMENTATIONS = YES;
				CLANG_WARN_DIRECT_OBJC_ISA_USAGE = YES_ERROR;
				CLANG_WARN_DOCUMENTATION_COMMENTS = YES;
				CLANG_WARN_EMPTY_BODY = YES;
				CLANG_WARN_ENUM_CONVERSION = YES;
				CLANG_WARN_INFINITE_RECURSION = YES;
				CLANG_WARN_INT_CONVERSION = YES;
				CLANG_WARN_NON_LITERAL_NULL_CONVERSION = YES;
				CLANG_WARN_OBJC_IMPLICIT_RETAIN_SELF = YES;
				CLANG_WARN_OBJC_LITERAL_CONVERSION = YES;
				CLANG_WARN_OBJC_ROOT_CLASS = YES_ERROR;
				CLANG_WARN_RANGE_LOOP_ANALYSIS = YES;
				CLANG_WARN_STRICT_PROTOTYPES = YES;
				CLANG_WARN_SUSPICIOUS_MOVE = YES;
				CLANG_WARN_UNGUARDED_AVAILABILITY = YES_AGGRESSIVE;
				CLANG_WARN_UNREACHABLE_CODE = YES;
				CLANG_WARN__DUPLICATE_METHOD_MATCH = YES;
				CODE_SIGN_ENTITLEMENTS = PhoenixTestingApp/PhoenixTestingApp.entitlements;
				CODE_SIGN_IDENTITY = "Mac Developer";
				CODE_SIGN_STYLE = Automatic;
				COMBINE_HIDPI_IMAGES = YES;
				COPY_PHASE_STRIP = NO;
				DEBUG_INFORMATION_FORMAT = "dwarf-with-dsym";
				DEVELOPMENT_TEAM = BQ7Q4Z7U34;
				ENABLE_NS_ASSERTIONS = NO;
				ENABLE_STRICT_OBJC_MSGSEND = YES;
				GCC_C_LANGUAGE_STANDARD = gnu11;
				GCC_NO_COMMON_BLOCKS = YES;
				GCC_WARN_64_TO_32_BIT_CONVERSION = YES;
				GCC_WARN_ABOUT_RETURN_TYPE = YES_ERROR;
				GCC_WARN_UNDECLARED_SELECTOR = YES;
				GCC_WARN_UNINITIALIZED_AUTOS = YES_AGGRESSIVE;
				GCC_WARN_UNUSED_FUNCTION = YES;
				GCC_WARN_UNUSED_VARIABLE = YES;
				INFOPLIST_FILE = PhoenixTestingApp/Info.plist;
				LD_RUNPATH_SEARCH_PATHS = (
					"$(inherited)",
					"@executable_path/../Frameworks",
				);
				MACOSX_DEPLOYMENT_TARGET = 10.14;
				MTL_ENABLE_DEBUG_INFO = NO;
				MTL_FAST_MATH = YES;
				OTHER_CPLUSPLUSFLAGS = (
					"$(OTHER_CFLAGS)",
					"-fmodules",
					"-fcxx-modules",
				);
				PRODUCT_BUNDLE_IDENTIFIER = PHX.PhoenixTestingApp;
				PRODUCT_NAME = "$(TARGET_NAME)";
				SDKROOT = macosx;
			};
			name = Release;
		};
		888D3630220C644F00847170 /* Debug */ = {
			isa = XCBuildConfiguration;
			buildSettings = {
			};
			name = Debug;
		};
		888D3631220C644F00847170 /* Release */ = {
			isa = XCBuildConfiguration;
			buildSettings = {
			};
			name = Release;
		};
/* End XCBuildConfiguration section */

/* Begin XCConfigurationList section */
		888572D4220C68BB001F2C7F /* Build configuration list for PBXNativeTarget "MetalPhoenixRenderer" */ = {
			isa = XCConfigurationList;
			buildConfigurations = (
				888572D2220C68BB001F2C7F /* Debug */,
				888572D3220C68BB001F2C7F /* Release */,
			);
			defaultConfigurationIsVisible = 0;
			defaultConfigurationName = Release;
		};
		888572E2220CEA6F001F2C7F /* Build configuration list for PBXNativeTarget "Tests" */ = {
			isa = XCConfigurationList;
			buildConfigurations = (
				888572E3220CEA6F001F2C7F /* Debug */,
				888572E4220CEA6F001F2C7F /* Release */,
			);
			defaultConfigurationIsVisible = 0;
			defaultConfigurationName = Release;
		};
		888572F5220CEF9C001F2C7F /* Build configuration list for PBXNativeTarget "UITests" */ = {
			isa = XCConfigurationList;
			buildConfigurations = (
				888572F6220CEF9C001F2C7F /* Debug */,
				888572F7220CEF9C001F2C7F /* Release */,
			);
			defaultConfigurationIsVisible = 0;
			defaultConfigurationName = Release;
		};
		88857303220CF429001F2C7F /* Build configuration list for PBXNativeTarget "MetalPhoenix" */ = {
			isa = XCConfigurationList;
			buildConfigurations = (
				88857304220CF429001F2C7F /* Debug */,
				88857305220CF429001F2C7F /* Release */,
			);
			defaultConfigurationIsVisible = 0;
			defaultConfigurationName = Release;
		};
		888573322215A912001F2C7F /* Build configuration list for PBXNativeTarget "MetalPhoenixTestingApp" */ = {
			isa = XCConfigurationList;
			buildConfigurations = (
				888573332215A912001F2C7F /* Debug */,
				888573342215A912001F2C7F /* Release */,
			);
			defaultConfigurationIsVisible = 0;
			defaultConfigurationName = Release;
		};
		888D362F220C644F00847170 /* Build configuration list for PBXProject "phoenix-apple-components" */ = {
			isa = XCConfigurationList;
			buildConfigurations = (
				888D3630220C644F00847170 /* Debug */,
				888D3631220C644F00847170 /* Release */,
			);
			defaultConfigurationIsVisible = 0;
			defaultConfigurationName = Release;
		};
/* End XCConfigurationList section */
	};
	rootObject = 888D362C220C644F00847170 /* Project object */;
}
